
Microsoft Visual Studio Solution File, Format Version 12.00
# Visual Studio Version 16
VisualStudioVersion = 16.0.29318.209
MinimumVisualStudioVersion = 10.0.40219.1
Project("{FAE04EC0-301F-11D3-BF4B-00C04F79EFBC}") = "GarbageCollectProject", "GarbageCollectProject\GarbageCollectProject.csproj", "{D12C09A5-6D29-4E7D-B049-45BCE608DF0B}"
EndProject
Global
	GlobalSection(SolutionConfigurationPlatforms) = preSolution
		Debug|Any CPU = Debug|Any CPU
		Release|Any CPU = Release|Any CPU
	EndGlobalSection
	GlobalSection(ProjectConfigurationPlatforms) = postSolution
		{D12C09A5-6D29-4E7D-B049-45BCE608DF0B}.Debug|Any CPU.ActiveCfg = Debug|Any CPU
		{D12C09A5-6D29-4E7D-B049-45BCE608DF0B}.Debug|Any CPU.Build.0 = Debug|Any CPU
		{D12C09A5-6D29-4E7D-B049-45BCE608DF0B}.Release|Any CPU.ActiveCfg = Release|Any CPU
		{D12C09A5-6D29-4E7D-B049-45BCE608DF0B}.Release|Any CPU.Build.0 = Release|Any CPU
	EndGlobalSection
	GlobalSection(SolutionProperties) = preSolution
		HideSolutionNode = FALSE
	EndGlobalSection
	GlobalSection(ExtensibilityGlobals) = postSolution
		SolutionGuid = {D587E42E-BA02-4DFB-948D-9CD09E015C51}
	EndGlobalSection
EndGlobal
